// !$*UTF8*$!
{
	archiveVersion = 1;
	classes = {
	};
	objectVersion = 46;
	objects = {

/* Begin PBXBuildFile section */
		1421F57A19C8BCDD0064E1FB /* Foundation.framework in Frameworks */ = {isa = PBXBuildFile; fileRef = 1421F57919C8BCDD0064E1FB /* Foundation.framework */; };
		1421F57C19C8BCDD0064E1FB /* CoreGraphics.framework in Frameworks */ = {isa = PBXBuildFile; fileRef = 1421F57B19C8BCDD0064E1FB /* CoreGraphics.framework */; };
		1421F57E19C8BCDD0064E1FB /* UIKit.framework in Frameworks */ = {isa = PBXBuildFile; fileRef = 1421F57D19C8BCDD0064E1FB /* UIKit.framework */; };
		1421F58419C8BCDD0064E1FB /* InfoPlist.strings in Resources */ = {isa = PBXBuildFile; fileRef = 1421F58219C8BCDD0064E1FB /* InfoPlist.strings */; };
		1421F58619C8BCDD0064E1FB /* main.m in Sources */ = {isa = PBXBuildFile; fileRef = 1421F58519C8BCDD0064E1FB /* main.m */; };
		1421F58A19C8BCDD0064E1FB /* CCSAppDelegate.m in Sources */ = {isa = PBXBuildFile; fileRef = 1421F58919C8BCDD0064E1FB /* CCSAppDelegate.m */; };
		1421F58D19C8BCDD0064E1FB /* Main.storyboard in Resources */ = {isa = PBXBuildFile; fileRef = 1421F58B19C8BCDD0064E1FB /* Main.storyboard */; };
		1421F59219C8BCDD0064E1FB /* Images.xcassets in Resources */ = {isa = PBXBuildFile; fileRef = 1421F59119C8BCDD0064E1FB /* Images.xcassets */; };
		1421F59919C8BCDD0064E1FB /* XCTest.framework in Frameworks */ = {isa = PBXBuildFile; fileRef = 1421F59819C8BCDD0064E1FB /* XCTest.framework */; };
		1421F59A19C8BCDD0064E1FB /* Foundation.framework in Frameworks */ = {isa = PBXBuildFile; fileRef = 1421F57919C8BCDD0064E1FB /* Foundation.framework */; };
		1421F59B19C8BCDD0064E1FB /* UIKit.framework in Frameworks */ = {isa = PBXBuildFile; fileRef = 1421F57D19C8BCDD0064E1FB /* UIKit.framework */; };
		1421F5A319C8BCDD0064E1FB /* InfoPlist.strings in Resources */ = {isa = PBXBuildFile; fileRef = 1421F5A119C8BCDD0064E1FB /* InfoPlist.strings */; };
		1421F5A519C8BCDD0064E1FB /* CreateCustomSubviewsWithInterfaceBuilderTests.m in Sources */ = {isa = PBXBuildFile; fileRef = 1421F5A419C8BCDD0064E1FB /* CreateCustomSubviewsWithInterfaceBuilderTests.m */; };
		1421F5B019C8BD0A0064E1FB /* ChessBoardViewController.m in Sources */ = {isa = PBXBuildFile; fileRef = 1421F5AF19C8BD0A0064E1FB /* ChessBoardViewController.m */; };
		1421F5B319C8BD1A0064E1FB /* ChessBoardView.m in Sources */ = {isa = PBXBuildFile; fileRef = 1421F5B219C8BD1A0064E1FB /* ChessBoardView.m */; };
/* End PBXBuildFile section */

/* Begin PBXContainerItemProxy section */
		1421F59C19C8BCDD0064E1FB /* PBXContainerItemProxy */ = {
			isa = PBXContainerItemProxy;
			containerPortal = 1421F56E19C8BCDD0064E1FB /* Project object */;
			proxyType = 1;
			remoteGlobalIDString = 1421F57519C8BCDD0064E1FB;
			remoteInfo = CreateCustomSubviewsWithInterfaceBuilder;
		};
/* End PBXContainerItemProxy section */

/* Begin PBXFileReference section */
		1421F57619C8BCDD0064E1FB /* CreateCustomSubviewsWithInterfaceBuilder.app */ = {isa = PBXFileReference; explicitFileType = wrapper.application; includeInIndex = 0; path = CreateCustomSubviewsWithInterfaceBuilder.app; sourceTree = BUILT_PRODUCTS_DIR; };
		1421F57919C8BCDD0064E1FB /* Foundation.framework */ = {isa = PBXFileReference; lastKnownFileType = wrapper.framework; name = Foundation.framework; path = System/Library/Frameworks/Foundation.framework; sourceTree = SDKROOT; };
		1421F57B19C8BCDD0064E1FB /* CoreGraphics.framework */ = {isa = PBXFileReference; lastKnownFileType = wrapper.framework; name = CoreGraphics.framework; path = System/Library/Frameworks/CoreGraphics.framework; sourceTree = SDKROOT; };
		1421F57D19C8BCDD0064E1FB /* UIKit.framework */ = {isa = PBXFileReference; lastKnownFileType = wrapper.framework; name = UIKit.framework; path = System/Library/Frameworks/UIKit.framework; sourceTree = SDKROOT; };
		1421F58119C8BCDD0064E1FB /* CreateCustomSubviewsWithInterfaceBuilder-Info.plist */ = {isa = PBXFileReference; lastKnownFileType = text.plist.xml; path = "CreateCustomSubviewsWithInterfaceBuilder-Info.plist"; sourceTree = "<group>"; };
		1421F58319C8BCDD0064E1FB /* en */ = {isa = PBXFileReference; lastKnownFileType = text.plist.strings; name = en; path = en.lproj/InfoPlist.strings; sourceTree = "<group>"; };
		1421F58519C8BCDD0064E1FB /* main.m */ = {isa = PBXFileReference; lastKnownFileType = sourcecode.c.objc; path = main.m; sourceTree = "<group>"; };
		1421F58719C8BCDD0064E1FB /* CreateCustomSubviewsWithInterfaceBuilder-Prefix.pch */ = {isa = PBXFileReference; lastKnownFileType = sourcecode.c.h; path = "CreateCustomSubviewsWithInterfaceBuilder-Prefix.pch"; sourceTree = "<group>"; };
		1421F58819C8BCDD0064E1FB /* CCSAppDelegate.h */ = {isa = PBXFileReference; lastKnownFileType = sourcecode.c.h; path = CCSAppDelegate.h; sourceTree = "<group>"; };
		1421F58919C8BCDD0064E1FB /* CCSAppDelegate.m */ = {isa = PBXFileReference; lastKnownFileType = sourcecode.c.objc; path = CCSAppDelegate.m; sourceTree = "<group>"; };
		1421F58C19C8BCDD0064E1FB /* Base */ = {isa = PBXFileReference; lastKnownFileType = file.storyboard; name = Base; path = Base.lproj/Main.storyboard; sourceTree = "<group>"; };
		1421F59119C8BCDD0064E1FB /* Images.xcassets */ = {isa = PBXFileReference; lastKnownFileType = folder.assetcatalog; path = Images.xcassets; sourceTree = "<group>"; };
		1421F59719C8BCDD0064E1FB /* CreateCustomSubviewsWithInterfaceBuilderTests.xctest */ = {isa = PBXFileReference; explicitFileType = wrapper.cfbundle; includeInIndex = 0; path = CreateCustomSubviewsWithInterfaceBuilderTests.xctest; sourceTree = BUILT_PRODUCTS_DIR; };
		1421F59819C8BCDD0064E1FB /* XCTest.framework */ = {isa = PBXFileReference; lastKnownFileType = wrapper.framework; name = XCTest.framework; path = Library/Frameworks/XCTest.framework; sourceTree = DEVELOPER_DIR; };
		1421F5A019C8BCDD0064E1FB /* CreateCustomSubviewsWithInterfaceBuilderTests-Info.plist */ = {isa = PBXFileReference; lastKnownFileType = text.plist.xml; path = "CreateCustomSubviewsWithInterfaceBuilderTests-Info.plist"; sourceTree = "<group>"; };
		1421F5A219C8BCDD0064E1FB /* en */ = {isa = PBXFileReference; lastKnownFileType = text.plist.strings; name = en; path = en.lproj/InfoPlist.strings; sourceTree = "<group>"; };
		1421F5A419C8BCDD0064E1FB /* CreateCustomSubviewsWithInterfaceBuilderTests.m */ = {isa = PBXFileReference; lastKnownFileType = sourcecode.c.objc; path = CreateCustomSubviewsWithInterfaceBuilderTests.m; sourceTree = "<group>"; };
		1421F5AE19C8BD0A0064E1FB /* ChessBoardViewController.h */ = {isa = PBXFileReference; fileEncoding = 4; lastKnownFileType = sourcecode.c.h; path = ChessBoardViewController.h; sourceTree = "<group>"; };
		1421F5AF19C8BD0A0064E1FB /* ChessBoardViewController.m */ = {isa = PBXFileReference; fileEncoding = 4; lastKnownFileType = sourcecode.c.objc; path = ChessBoardViewController.m; sourceTree = "<group>"; };
		1421F5B119C8BD1A0064E1FB /* ChessBoardView.h */ = {isa = PBXFileReference; fileEncoding = 4; lastKnownFileType = sourcecode.c.h; path = ChessBoardView.h; sourceTree = "<group>"; };
		1421F5B219C8BD1A0064E1FB /* ChessBoardView.m */ = {isa = PBXFileReference; fileEncoding = 4; lastKnownFileType = sourcecode.c.objc; path = ChessBoardView.m; sourceTree = "<group>"; };
/* End PBXFileReference section */

/* Begin PBXFrameworksBuildPhase section */
		1421F57319C8BCDD0064E1FB /* Frameworks */ = {
			isa = PBXFrameworksBuildPhase;
			buildActionMask = 2147483647;
			files = (
				1421F57C19C8BCDD0064E1FB /* CoreGraphics.framework in Frameworks */,
				1421F57E19C8BCDD0064E1FB /* UIKit.framework in Frameworks */,
				1421F57A19C8BCDD0064E1FB /* Foundation.framework in Frameworks */,
			);
			runOnlyForDeploymentPostprocessing = 0;
		};
		1421F59419C8BCDD0064E1FB /* Frameworks */ = {
			isa = PBXFrameworksBuildPhase;
			buildActionMask = 2147483647;
			files = (
				1421F59919C8BCDD0064E1FB /* XCTest.framework in Frameworks */,
				1421F59B19C8BCDD0064E1FB /* UIKit.framework in Frameworks */,
				1421F59A19C8BCDD0064E1FB /* Foundation.framework in Frameworks */,
			);
			runOnlyForDeploymentPostprocessing = 0;
		};
/* End PBXFrameworksBuildPhase section */

/* Begin PBXGroup section */
		1421F56D19C8BCDD0064E1FB = {
			isa = PBXGroup;
			children = (
				1421F5B119C8BD1A0064E1FB /* ChessBoardView.h */,
				1421F5B219C8BD1A0064E1FB /* ChessBoardView.m */,
				1421F5AE19C8BD0A0064E1FB /* ChessBoardViewController.h */,
				1421F5AF19C8BD0A0064E1FB /* ChessBoardViewController.m */,
				1421F57F19C8BCDD0064E1FB /* CreateCustomSubviewsWithInterfaceBuilder */,
				1421F59E19C8BCDD0064E1FB /* CreateCustomSubviewsWithInterfaceBuilderTests */,
				1421F57819C8BCDD0064E1FB /* Frameworks */,
				1421F57719C8BCDD0064E1FB /* Products */,
			);
			sourceTree = "<group>";
		};
		1421F57719C8BCDD0064E1FB /* Products */ = {
			isa = PBXGroup;
			children = (
				1421F57619C8BCDD0064E1FB /* CreateCustomSubviewsWithInterfaceBuilder.app */,
				1421F59719C8BCDD0064E1FB /* CreateCustomSubviewsWithInterfaceBuilderTests.xctest */,
			);
			name = Products;
			sourceTree = "<group>";
		};
		1421F57819C8BCDD0064E1FB /* Frameworks */ = {
			isa = PBXGroup;
			children = (
				1421F57919C8BCDD0064E1FB /* Foundation.framework */,
				1421F57B19C8BCDD0064E1FB /* CoreGraphics.framework */,
				1421F57D19C8BCDD0064E1FB /* UIKit.framework */,
				1421F59819C8BCDD0064E1FB /* XCTest.framework */,
			);
			name = Frameworks;
			sourceTree = "<group>";
		};
		1421F57F19C8BCDD0064E1FB /* CreateCustomSubviewsWithInterfaceBuilder */ = {
			isa = PBXGroup;
			children = (
				1421F58819C8BCDD0064E1FB /* CCSAppDelegate.h */,
				1421F58919C8BCDD0064E1FB /* CCSAppDelegate.m */,
				1421F58B19C8BCDD0064E1FB /* Main.storyboard */,
				1421F59119C8BCDD0064E1FB /* Images.xcassets */,
				1421F58019C8BCDD0064E1FB /* Supporting Files */,
			);
			path = CreateCustomSubviewsWithInterfaceBuilder;
			sourceTree = "<group>";
		};
		1421F58019C8BCDD0064E1FB /* Supporting Files */ = {
			isa = PBXGroup;
			children = (
				1421F58119C8BCDD0064E1FB /* CreateCustomSubviewsWithInterfaceBuilder-Info.plist */,
				1421F58219C8BCDD0064E1FB /* InfoPlist.strings */,
				1421F58519C8BCDD0064E1FB /* main.m */,
				1421F58719C8BCDD0064E1FB /* CreateCustomSubviewsWithInterfaceBuilder-Prefix.pch */,
			);
			name = "Supporting Files";
			sourceTree = "<group>";
		};
		1421F59E19C8BCDD0064E1FB /* CreateCustomSubviewsWithInterfaceBuilderTests */ = {
			isa = PBXGroup;
			children = (
				1421F5A419C8BCDD0064E1FB /* CreateCustomSubviewsWithInterfaceBuilderTests.m */,
				1421F59F19C8BCDD0064E1FB /* Supporting Files */,
			);
			path = CreateCustomSubviewsWithInterfaceBuilderTests;
			sourceTree = "<group>";
		};
		1421F59F19C8BCDD0064E1FB /* Supporting Files */ = {
			isa = PBXGroup;
			children = (
				1421F5A019C8BCDD0064E1FB /* CreateCustomSubviewsWithInterfaceBuilderTests-Info.plist */,
				1421F5A119C8BCDD0064E1FB /* InfoPlist.strings */,
			);
			name = "Supporting Files";
			sourceTree = "<group>";
		};
/* End PBXGroup section */

/* Begin PBXNativeTarget section */
		1421F57519C8BCDD0064E1FB /* CreateCustomSubviewsWithInterfaceBuilder */ = {
			isa = PBXNativeTarget;
			buildConfigurationList = 1421F5A819C8BCDD0064E1FB /* Build configuration list for PBXNativeTarget "CreateCustomSubviewsWithInterfaceBuilder" */;
			buildPhases = (
				1421F57219C8BCDD0064E1FB /* Sources */,
				1421F57319C8BCDD0064E1FB /* Frameworks */,
				1421F57419C8BCDD0064E1FB /* Resources */,
			);
			buildRules = (
			);
			dependencies = (
			);
			name = CreateCustomSubviewsWithInterfaceBuilder;
			productName = CreateCustomSubviewsWithInterfaceBuilder;
			productReference = 1421F57619C8BCDD0064E1FB /* CreateCustomSubviewsWithInterfaceBuilder.app */;
			productType = "com.apple.product-type.application";
		};
		1421F59619C8BCDD0064E1FB /* CreateCustomSubviewsWithInterfaceBuilderTests */ = {
			isa = PBXNativeTarget;
			buildConfigurationList = 1421F5AB19C8BCDD0064E1FB /* Build configuration list for PBXNativeTarget "CreateCustomSubviewsWithInterfaceBuilderTests" */;
			buildPhases = (
				1421F59319C8BCDD0064E1FB /* Sources */,
				1421F59419C8BCDD0064E1FB /* Frameworks */,
				1421F59519C8BCDD0064E1FB /* Resources */,
			);
			buildRules = (
			);
			dependencies = (
				1421F59D19C8BCDD0064E1FB /* PBXTargetDependency */,
			);
			name = CreateCustomSubviewsWithInterfaceBuilderTests;
			productName = CreateCustomSubviewsWithInterfaceBuilderTests;
			productReference = 1421F59719C8BCDD0064E1FB /* CreateCustomSubviewsWithInterfaceBuilderTests.xctest */;
			productType = "com.apple.product-type.bundle.unit-test";
		};
/* End PBXNativeTarget section */

/* Begin PBXProject section */
		1421F56E19C8BCDD0064E1FB /* Project object */ = {
			isa = PBXProject;
			attributes = {
				CLASSPREFIX = CCS;
				LastUpgradeCheck = 0510;
				ORGANIZATIONNAME = seanreed.test;
				TargetAttributes = {
					1421F59619C8BCDD0064E1FB = {
						TestTargetID = 1421F57519C8BCDD0064E1FB;
					};
				};
			};
			buildConfigurationList = 1421F57119C8BCDD0064E1FB /* Build configuration list for PBXProject "CreateCustomSubviewsWithInterfaceBuilder" */;
			compatibilityVersion = "Xcode 3.2";
			developmentRegion = English;
			hasScannedForEncodings = 0;
			knownRegions = (
				en,
				Base,
			);
			mainGroup = 1421F56D19C8BCDD0064E1FB;
			productRefGroup = 1421F57719C8BCDD0064E1FB /* Products */;
			projectDirPath = "";
			projectRoot = "";
			targets = (
				1421F57519C8BCDD0064E1FB /* CreateCustomSubviewsWithInterfaceBuilder */,
				1421F59619C8BCDD0064E1FB /* CreateCustomSubviewsWithInterfaceBuilderTests */,
			);
		};
/* End PBXProject section */

/* Begin PBXResourcesBuildPhase section */
		1421F57419C8BCDD0064E1FB /* Resources */ = {
			isa = PBXResourcesBuildPhase;
			buildActionMask = 2147483647;
			files = (
				1421F59219C8BCDD0064E1FB /* Images.xcassets in Resources */,
				1421F58419C8BCDD0064E1FB /* InfoPlist.strings in Resources */,
				1421F58D19C8BCDD0064E1FB /* Main.storyboard in Resources */,
			);
			runOnlyForDeploymentPostprocessing = 0;
		};
		1421F59519C8BCDD0064E1FB /* Resources */ = {
			isa = PBXResourcesBuildPhase;
			buildActionMask = 2147483647;
			files = (
				1421F5A319C8BCDD0064E1FB /* InfoPlist.strings in Resources */,
			);
			runOnlyForDeploymentPostprocessing = 0;
		};
/* End PBXResourcesBuildPhase section */

/* Begin PBXSourcesBuildPhase section */
		1421F57219C8BCDD0064E1FB /* Sources */ = {
			isa = PBXSourcesBuildPhase;
			buildActionMask = 2147483647;
			files = (
				1421F5B319C8BD1A0064E1FB /* ChessBoardView.m in Sources */,
				1421F58A19C8BCDD0064E1FB /* CCSAppDelegate.m in Sources */,
				1421F58619C8BCDD0064E1FB /* main.m in Sources */,
				1421F5B019C8BD0A0064E1FB /* ChessBoardViewController.m in Sources */,
			);
			runOnlyForDeploymentPostprocessing = 0;
		};
		1421F59319C8BCDD0064E1FB /* Sources */ = {
			isa = PBXSourcesBuildPhase;
			buildActionMask = 2147483647;
			files = (
				1421F5A519C8BCDD0064E1FB /* CreateCustomSubviewsWithInterfaceBuilderTests.m in Sources */,
			);
			runOnlyForDeploymentPostprocessing = 0;
		};
/* End PBXSourcesBuildPhase section */

/* Begin PBXTargetDependency section */
		1421F59D19C8BCDD0064E1FB /* PBXTargetDependency */ = {
			isa = PBXTargetDependency;
			target = 1421F57519C8BCDD0064E1FB /* CreateCustomSubviewsWithInterfaceBuilder */;
			targetProxy = 1421F59C19C8BCDD0064E1FB /* PBXContainerItemProxy */;
		};
/* End PBXTargetDependency section */

/* Begin PBXVariantGroup section */
		1421F58219C8BCDD0064E1FB /* InfoPlist.strings */ = {
			isa = PBXVariantGroup;
			children = (
				1421F58319C8BCDD0064E1FB /* en */,
			);
			name = InfoPlist.strings;
			sourceTree = "<group>";
		};
		1421F58B19C8BCDD0064E1FB /* Main.storyboard */ = {
			isa = PBXVariantGroup;
			children = (
				1421F58C19C8BCDD0064E1FB /* Base */,
			);
			name = Main.storyboard;
			sourceTree = "<group>";
		};
		1421F5A119C8BCDD0064E1FB /* InfoPlist.strings */ = {
			isa = PBXVariantGroup;
			children = (
				1421F5A219C8BCDD0064E1FB /* en */,
			);
			name = InfoPlist.strings;
			sourceTree = "<group>";
		};
/* End PBXVariantGroup section */

/* Begin XCBuildConfiguration section */
		1421F5A619C8BCDD0064E1FB /* Debug */ = {
			isa = XCBuildConfiguration;
			buildSettings = {
				ALWAYS_SEARCH_USER_PATHS = NO;
				CLANG_CXX_LANGUAGE_STANDARD = "gnu++0x";
				CLANG_CXX_LIBRARY = "libc++";
				CLANG_ENABLE_MODULES = YES;
				CLANG_ENABLE_OBJC_ARC = YES;
				CLANG_WARN_BOOL_CONVERSION = YES;
				CLANG_WARN_CONSTANT_CONVERSION = YES;
				CLANG_WARN_DIRECT_OBJC_ISA_USAGE = YES_ERROR;
				CLANG_WARN_EMPTY_BODY = YES;
				CLANG_WARN_ENUM_CONVERSION = YES;
				CLANG_WARN_INT_CONVERSION = YES;
				CLANG_WARN_OBJC_ROOT_CLASS = YES_ERROR;
				CLANG_WARN__DUPLICATE_METHOD_MATCH = YES;
				"CODE_SIGN_IDENTITY[sdk=iphoneos*]" = "iPhone Developer";
				COPY_PHASE_STRIP = NO;
				GCC_C_LANGUAGE_STANDARD = gnu99;
				GCC_DYNAMIC_NO_PIC = NO;
				GCC_OPTIMIZATION_LEVEL = 0;
				GCC_PREPROCESSOR_DEFINITIONS = (
					"DEBUG=1",
					"$(inherited)",
				);
				GCC_SYMBOLS_PRIVATE_EXTERN = NO;
				GCC_WARN_64_TO_32_BIT_CONVERSION = YES;
				GCC_WARN_ABOUT_RETURN_TYPE = YES_ERROR;
				GCC_WARN_UNDECLARED_SELECTOR = YES;
				GCC_WARN_UNINITIALIZED_AUTOS = YES_AGGRESSIVE;
				GCC_WARN_UNUSED_FUNCTION = YES;
				GCC_WARN_UNUSED_VARIABLE = YES;
				IPHONEOS_DEPLOYMENT_TARGET = 7.1;
				ONLY_ACTIVE_ARCH = YES;
				SDKROOT = iphoneos;
			};
			name = Debug;
		};
		1421F5A719C8BCDD0064E1FB /* Release */ = {
			isa = XCBuildConfiguration;
			buildSettings = {
				ALWAYS_SEARCH_USER_PATHS = NO;
				CLANG_CXX_LANGUAGE_STANDARD = "gnu++0x";
				CLANG_CXX_LIBRARY = "libc++";
				CLANG_ENABLE_MODULES = YES;
				CLANG_ENABLE_OBJC_ARC = YES;
				CLANG_WARN_BOOL_CONVERSION = YES;
				CLANG_WARN_CONSTANT_CONVERSION = YES;
				CLANG_WARN_DIRECT_OBJC_ISA_USAGE = YES_ERROR;
				CLANG_WARN_EMPTY_BODY = YES;
				CLANG_WARN_ENUM_CONVERSION = YES;
				CLANG_WARN_INT_CONVERSION = YES;
				CLANG_WARN_OBJC_ROOT_CLASS = YES_ERROR;
				CLANG_WARN__DUPLICATE_METHOD_MATCH = YES;
				"CODE_SIGN_IDENTITY[sdk=iphoneos*]" = "iPhone Developer";
				COPY_PHASE_STRIP = YES;
				ENABLE_NS_ASSERTIONS = NO;
				GCC_C_LANGUAGE_STANDARD = gnu99;
				GCC_WARN_64_TO_32_BIT_CONVERSION = YES;
				GCC_WARN_ABOUT_RETURN_TYPE = YES_ERROR;
				GCC_WARN_UNDECLARED_SELECTOR = YES;
				GCC_WARN_UNINITIALIZED_AUTOS = YES_AGGRESSIVE;
				GCC_WARN_UNUSED_FUNCTION = YES;
				GCC_WARN_UNUSED_VARIABLE = YES;
				IPHONEOS_DEPLOYMENT_TARGET = 7.1;
				SDKROOT = iphoneos;
				VALIDATE_PRODUCT = YES;
			};
			name = Release;
		};
		1421F5A919C8BCDD0064E1FB /* Debug */ = {
			isa = XCBuildConfiguration;
			buildSettings = {
				ASSETCATALOG_COMPILER_APPICON_NAME = AppIcon;
				ASSETCATALOG_COMPILER_LAUNCHIMAGE_NAME = LaunchImage;
				GCC_PRECOMPILE_PREFIX_HEADER = YES;
				GCC_PREFIX_HEADER = "CreateCustomSubviewsWithInterfaceBuilder/CreateCustomSubviewsWithInterfaceBuilder-Prefix.pch";
				INFOPLIST_FILE = "CreateCustomSubviewsWithInterfaceBuilder/CreateCustomSubviewsWithInterfaceBuilder-Info.plist";
				PRODUCT_NAME = "$(TARGET_NAME)";
				WRAPPER_EXTENSION = app;
			};
			name = Debug;
		};
		1421F5AA19C8BCDD0064E1FB /* Release */ = {
			isa = XCBuildConfiguration;
			buildSettings = {
				ASSETCATALOG_COMPILER_APPICON_NAME = AppIcon;
				ASSETCATALOG_COMPILER_LAUNCHIMAGE_NAME = LaunchImage;
				GCC_PRECOMPILE_PREFIX_HEADER = YES;
				GCC_PREFIX_HEADER = "CreateCustomSubviewsWithInterfaceBuilder/CreateCustomSubviewsWithInterfaceBuilder-Prefix.pch";
				INFOPLIST_FILE = "CreateCustomSubviewsWithInterfaceBuilder/CreateCustomSubviewsWithInterfaceBuilder-Info.plist";
				PRODUCT_NAME = "$(TARGET_NAME)";
				WRAPPER_EXTENSION = app;
			};
			name = Release;
		};
		1421F5AC19C8BCDD0064E1FB /* Debug */ = {
			isa = XCBuildConfiguration;
			buildSettings = {
				BUNDLE_LOADER = "$(BUILT_PRODUCTS_DIR)/CreateCustomSubviewsWithInterfaceBuilder.app/CreateCustomSubviewsWithInterfaceBuilder";
				FRAMEWORK_SEARCH_PATHS = (
					"$(SDKROOT)/Developer/Library/Frameworks",
					"$(inherited)",
					"$(DEVELOPER_FRAMEWORKS_DIR)",
				);
				GCC_PRECOMPILE_PREFIX_HEADER = YES;
				GCC_PREFIX_HEADER = "CreateCustomSubviewsWithInterfaceBuilder/CreateCustomSubviewsWithInterfaceBuilder-Prefix.pch";
				GCC_PREPROCESSOR_DEFINITIONS = (
					"DEBUG=1",
					"$(inherited)",
				);
				INFOPLIST_FILE = "CreateCustomSubviewsWithInterfaceBuilderTests/CreateCustomSubviewsWithInterfaceBuilderTests-Info.plist";
				PRODUCT_NAME = "$(TARGET_NAME)";
				TEST_HOST = "$(BUNDLE_LOADER)";
				WRAPPER_EXTENSION = xctest;
			};
			name = Debug;
		};
		1421F5AD19C8BCDD0064E1FB /* Release */ = {
			isa = XCBuildConfiguration;
			buildSettings = {
				BUNDLE_LOADER = "$(BUILT_PRODUCTS_DIR)/CreateCustomSubviewsWithInterfaceBuilder.app/CreateCustomSubviewsWithInterfaceBuilder";
				FRAMEWORK_SEARCH_PATHS = (
					"$(SDKROOT)/Developer/Library/Frameworks",
					"$(inherited)",
					"$(DEVELOPER_FRAMEWORKS_DIR)",
				);
				GCC_PRECOMPILE_PREFIX_HEADER = YES;
				GCC_PREFIX_HEADER = "CreateCustomSubviewsWithInterfaceBuilder/CreateCustomSubviewsWithInterfaceBuilder-Prefix.pch";
				INFOPLIST_FILE = "CreateCustomSubviewsWithInterfaceBuilderTests/CreateCustomSubviewsWithInterfaceBuilderTests-Info.plist";
				PRODUCT_NAME = "$(TARGET_NAME)";
				TEST_HOST = "$(BUNDLE_LOADER)";
				WRAPPER_EXTENSION = xctest;
			};
			name = Release;
		};
/* End XCBuildConfiguration section */

/* Begin XCConfigurationList section */
		1421F57119C8BCDD0064E1FB /* Build configuration list for PBXProject "CreateCustomSubviewsWithInterfaceBuilder" */ = {
			isa = XCConfigurationList;
			buildConfigurations = (
				1421F5A619C8BCDD0064E1FB /* Debug */,
				1421F5A719C8BCDD0064E1FB /* Release */,
			);
			defaultConfigurationIsVisible = 0;
			defaultConfigurationName = Release;
		};
		1421F5A819C8BCDD0064E1FB /* Build configuration list for PBXNativeTarget "CreateCustomSubviewsWithInterfaceBuilder" */ = {
			isa = XCConfigurationList;
			buildConfigurations = (
				1421F5A919C8BCDD0064E1FB /* Debug */,
				1421F5AA19C8BCDD0064E1FB /* Release */,
			);
			defaultConfigurationIsVisible = 0;
		};
		1421F5AB19C8BCDD0064E1FB /* Build configuration list for PBXNativeTarget "CreateCustomSubviewsWithInterfaceBuilderTests" */ = {
			isa = XCConfigurationList;
			buildConfigurations = (
				1421F5AC19C8BCDD0064E1FB /* Debug */,
				1421F5AD19C8BCDD0064E1FB /* Release */,
			);
			defaultConfigurationIsVisible = 0;
		};
/* End XCConfigurationList section */
	};
	rootObject = 1421F56E19C8BCDD0064E1FB /* Project object */;
}
